
Microsoft Visual Studio Solution File, Format Version 12.00
# Visual Studio 14
VisualStudioVersion = 14.0.25123.0
MinimumVisualStudioVersion = 10.0.40219.1
Project("{8BC9CEB8-8B4A-11D0-8D11-00A0C91BC942}") = "LinearSearch", "LinearSearch\LinearSearch.vcxproj", "{D4F307A3-BDF0-4484-B129-3A63E996EE26}"
EndProject
Project("{8BC9CEB8-8B4A-11D0-8D11-00A0C91BC942}") = "BinarySearch", "BinarySearch\BinarySearch.vcxproj", "{8DB83E8D-D069-4039-8EE7-DFD79A704FDC}"
EndProject
Project("{8BC9CEB8-8B4A-11D0-8D11-00A0C91BC942}") = "Factorial.c", "Factorial.c\Factorial.c.vcxproj", "{C936BB63-619E-4E81-8B59-4771766A93EC}"
EndProject
Project("{8BC9CEB8-8B4A-11D0-8D11-00A0C91BC942}") = "Fibonacci", "Fibonacci\Fibonacci.vcxproj", "{09312777-3D5C-4176-8E45-9546E3B0C264}"
EndProject
Project("{8BC9CEB8-8B4A-11D0-8D11-00A0C91BC942}") = "Hanoi_Tower", "Hanoi_Tower\Hanoi_Tower.vcxproj", "{D41311DD-C25A-442A-88B3-8FB5C6AC7BE8}"
EndProject
Project("{8BC9CEB8-8B4A-11D0-8D11-00A0C91BC942}") = "BSearch_Recur", "BSearch_Recur\BSearch_Recur.vcxproj", "{27FFA26F-0525-4276-9BCC-64F1BBBB6352}"
EndProject
Global
	GlobalSection(SolutionConfigurationPlatforms) = preSolution
		Debug|x64 = Debug|x64
		Debug|x86 = Debug|x86
		Release|x64 = Release|x64
		Release|x86 = Release|x86
	EndGlobalSection
	GlobalSection(ProjectConfigurationPlatforms) = postSolution
		{D4F307A3-BDF0-4484-B129-3A63E996EE26}.Debug|x64.ActiveCfg = Debug|x64
		{D4F307A3-BDF0-4484-B129-3A63E996EE26}.Debug|x64.Build.0 = Debug|x64
		{D4F307A3-BDF0-4484-B129-3A63E996EE26}.Debug|x86.ActiveCfg = Debug|Win32
		{D4F307A3-BDF0-4484-B129-3A63E996EE26}.Debug|x86.Build.0 = Debug|Win32
		{D4F307A3-BDF0-4484-B129-3A63E996EE26}.Release|x64.ActiveCfg = Release|x64
		{D4F307A3-BDF0-4484-B129-3A63E996EE26}.Release|x64.Build.0 = Release|x64
		{D4F307A3-BDF0-4484-B129-3A63E996EE26}.Release|x86.ActiveCfg = Release|Win32
		{D4F307A3-BDF0-4484-B129-3A63E996EE26}.Release|x86.Build.0 = Release|Win32
		{8DB83E8D-D069-4039-8EE7-DFD79A704FDC}.Debug|x64.ActiveCfg = Debug|x64
		{8DB83E8D-D069-4039-8EE7-DFD79A704FDC}.Debug|x64.Build.0 = Debug|x64
		{8DB83E8D-D069-4039-8EE7-DFD79A704FDC}.Debug|x86.ActiveCfg = Debug|Win32
		{8DB83E8D-D069-4039-8EE7-DFD79A704FDC}.Debug|x86.Build.0 = Debug|Win32
		{8DB83E8D-D069-4039-8EE7-DFD79A704FDC}.Release|x64.ActiveCfg = Release|x64
		{8DB83E8D-D069-4039-8EE7-DFD79A704FDC}.Release|x64.Build.0 = Release|x64
		{8DB83E8D-D069-4039-8EE7-DFD79A704FDC}.Release|x86.ActiveCfg = Release|Win32
		{8DB83E8D-D069-4039-8EE7-DFD79A704FDC}.Release|x86.Build.0 = Release|Win32
		{C936BB63-619E-4E81-8B59-4771766A93EC}.Debug|x64.ActiveCfg = Debug|x64
		{C936BB63-619E-4E81-8B59-4771766A93EC}.Debug|x64.Build.0 = Debug|x64
		{C936BB63-619E-4E81-8B59-4771766A93EC}.Debug|x86.ActiveCfg = Debug|Win32
		{C936BB63-619E-4E81-8B59-4771766A93EC}.Debug|x86.Build.0 = Debug|Win32
		{C936BB63-619E-4E81-8B59-4771766A93EC}.Release|x64.ActiveCfg = Release|x64
		{C936BB63-619E-4E81-8B59-4771766A93EC}.Release|x64.Build.0 = Release|x64
		{C936BB63-619E-4E81-8B59-4771766A93EC}.Release|x86.ActiveCfg = Release|Win32
		{C936BB63-619E-4E81-8B59-4771766A93EC}.Release|x86.Build.0 = Release|Win32
		{09312777-3D5C-4176-8E45-9546E3B0C264}.Debug|x64.ActiveCfg = Debug|x64
		{09312777-3D5C-4176-8E45-9546E3B0C264}.Debug|x64.Build.0 = Debug|x64
		{09312777-3D5C-4176-8E45-9546E3B0C264}.Debug|x86.ActiveCfg = Debug|Win32
		{09312777-3D5C-4176-8E45-9546E3B0C264}.Debug|x86.Build.0 = Debug|Win32
		{09312777-3D5C-4176-8E45-9546E3B0C264}.Release|x64.ActiveCfg = Release|x64
		{09312777-3D5C-4176-8E45-9546E3B0C264}.Release|x64.Build.0 = Release|x64
		{09312777-3D5C-4176-8E45-9546E3B0C264}.Release|x86.ActiveCfg = Release|Win32
		{09312777-3D5C-4176-8E45-9546E3B0C264}.Release|x86.Build.0 = Release|Win32
		{D41311DD-C25A-442A-88B3-8FB5C6AC7BE8}.Debug|x64.ActiveCfg = Debug|x64
		{D41311DD-C25A-442A-88B3-8FB5C6AC7BE8}.Debug|x64.Build.0 = Debug|x64
		{D41311DD-C25A-442A-88B3-8FB5C6AC7BE8}.Debug|x86.ActiveCfg = Debug|Win32
		{D41311DD-C25A-442A-88B3-8FB5C6AC7BE8}.Debug|x86.Build.0 = Debug|Win32
		{D41311DD-C25A-442A-88B3-8FB5C6AC7BE8}.Release|x64.ActiveCfg = Release|x64
		{D41311DD-C25A-442A-88B3-8FB5C6AC7BE8}.Release|x64.Build.0 = Release|x64
		{D41311DD-C25A-442A-88B3-8FB5C6AC7BE8}.Release|x86.ActiveCfg = Release|Win32
		{D41311DD-C25A-442A-88B3-8FB5C6AC7BE8}.Release|x86.Build.0 = Release|Win32
		{27FFA26F-0525-4276-9BCC-64F1BBBB6352}.Debug|x64.ActiveCfg = Debug|x64
		{27FFA26F-0525-4276-9BCC-64F1BBBB6352}.Debug|x64.Build.0 = Debug|x64
		{27FFA26F-0525-4276-9BCC-64F1BBBB6352}.Debug|x86.ActiveCfg = Debug|Win32
		{27FFA26F-0525-4276-9BCC-64F1BBBB6352}.Debug|x86.Build.0 = Debug|Win32
		{27FFA26F-0525-4276-9BCC-64F1BBBB6352}.Release|x64.ActiveCfg = Release|x64
		{27FFA26F-0525-4276-9BCC-64F1BBBB6352}.Release|x64.Build.0 = Release|x64
		{27FFA26F-0525-4276-9BCC-64F1BBBB6352}.Release|x86.ActiveCfg = Release|Win32
		{27FFA26F-0525-4276-9BCC-64F1BBBB6352}.Release|x86.Build.0 = Release|Win32
	EndGlobalSection
	GlobalSection(SolutionProperties) = preSolution
		HideSolutionNode = FALSE
	EndGlobalSection
EndGlobal
